
Microsoft Visual Studio Solution File, Format Version 12.00
# Visual Studio Version 17
VisualStudioVersion = 17.1.32210.238
MinimumVisualStudioVersion = 10.0.40219.1
Project("{9A19103F-16F7-4668-BE54-9A1E7A4F7556}") = "Bank", "Bank\Bank.csproj", "{4317B730-3DB5-4232-A26C-E7F26FB70CA5}"
EndProject
Project("{FAE04EC0-301F-11D3-BF4B-00C04F79EFBC}") = "BankTests", "BankTest\BankTests.csproj", "{4093248B-E340-4F37-8854-669138F59F95}"
EndProject
Global
	GlobalSection(SolutionConfigurationPlatforms) = preSolution
		Debug|Any CPU = Debug|Any CPU
		Release|Any CPU = Release|Any CPU
	EndGlobalSection
	GlobalSection(ProjectConfigurationPlatforms) = postSolution
		{4317B730-3DB5-4232-A26C-E7F26FB70CA5}.Debug|Any CPU.ActiveCfg = Debug|Any CPU
		{4317B730-3DB5-4232-A26C-E7F26FB70CA5}.Debug|Any CPU.Build.0 = Debug|Any CPU
		{4317B730-3DB5-4232-A26C-E7F26FB70CA5}.Release|Any CPU.ActiveCfg = Release|Any CPU
		{4317B730-3DB5-4232-A26C-E7F26FB70CA5}.Release|Any CPU.Build.0 = Release|Any CPU
		{4093248B-E340-4F37-8854-669138F59F95}.Debug|Any CPU.ActiveCfg = Debug|Any CPU
		{4093248B-E340-4F37-8854-669138F59F95}.Debug|Any CPU.Build.0 = Debug|Any CPU
		{4093248B-E340-4F37-8854-669138F59F95}.Release|Any CPU.ActiveCfg = Release|Any CPU
		{4093248B-E340-4F37-8854-669138F59F95}.Release|Any CPU.Build.0 = Release|Any CPU
	EndGlobalSection
	GlobalSection(SolutionProperties) = preSolution
		HideSolutionNode = FALSE
	EndGlobalSection
	GlobalSection(ExtensibilityGlobals) = postSolution
		SolutionGuid = {4A5415E7-ACFC-460E-BBE1-D0B880B2C3E5}
	EndGlobalSection
EndGlobal
